
Microsoft Visual Studio Solution File, Format Version 12.00
# Visual Studio Version 16
VisualStudioVersion = 16.0.32126.315
MinimumVisualStudioVersion = 10.0.40219.1
Project("{FAE04EC0-301F-11D3-BF4B-00C04F79EFBC}") = "ControleFinanceiro.API", "ControleFinanceiro.API\ControleFinanceiro.API.csproj", "{FA5EFEA4-671A-41C4-AAA5-918A1B558471}"
EndProject
Global
	GlobalSection(SolutionConfigurationPlatforms) = preSolution
		Debug|Any CPU = Debug|Any CPU
		Release|Any CPU = Release|Any CPU
	EndGlobalSection
	GlobalSection(ProjectConfigurationPlatforms) = postSolution
		{FA5EFEA4-671A-41C4-AAA5-918A1B558471}.Debug|Any CPU.ActiveCfg = Debug|Any CPU
		{FA5EFEA4-671A-41C4-AAA5-918A1B558471}.Debug|Any CPU.Build.0 = Debug|Any CPU
		{FA5EFEA4-671A-41C4-AAA5-918A1B558471}.Release|Any CPU.ActiveCfg = Release|Any CPU
		{FA5EFEA4-671A-41C4-AAA5-918A1B558471}.Release|Any CPU.Build.0 = Release|Any CPU
	EndGlobalSection
	GlobalSection(SolutionProperties) = preSolution
		HideSolutionNode = FALSE
	EndGlobalSection
	GlobalSection(ExtensibilityGlobals) = postSolution
		SolutionGuid = {FC970583-F20D-4009-B7A4-873F0EFA7C01}
	EndGlobalSection
EndGlobal
